
Microsoft Visual Studio Solution File, Format Version 12.00
# Visual Studio Version 16
VisualStudioVersion = 16.0.32510.428
MinimumVisualStudioVersion = 10.0.40219.1
Project("{D2ABAB84-BF74-430A-B69E-9DC6D40DDA17}") = "Final", "Final\Final.dwproj", "{45EB38F7-40DF-430C-8B01-AEB6D0362EF0}"
EndProject
Global
	GlobalSection(SolutionConfigurationPlatforms) = preSolution
		Development|Default = Development|Default
	EndGlobalSection
	GlobalSection(ProjectConfigurationPlatforms) = postSolution
		{45EB38F7-40DF-430C-8B01-AEB6D0362EF0}.Development|Default.ActiveCfg = Development
		{45EB38F7-40DF-430C-8B01-AEB6D0362EF0}.Development|Default.Build.0 = Development
		{45EB38F7-40DF-430C-8B01-AEB6D0362EF0}.Development|Default.Deploy.0 = Development
	EndGlobalSection
	GlobalSection(SolutionProperties) = preSolution
		HideSolutionNode = FALSE
	EndGlobalSection
	GlobalSection(ExtensibilityGlobals) = postSolution
		SolutionGuid = {8495E7E6-BB5E-4A62-AA55-6E96606AA6C0}
	EndGlobalSection
EndGlobal
